<?xml version="1.0" encoding="utf-8"?>
<Project ToolsVersion="4.0" xmlns="http://schemas.microsoft.com/developer/msbuild/2003">
  <ItemGroup>
    <Filter Include="Source Files">
      <UniqueIdentifier>{4FC737F1-C7A5-4376-A066-2A32D752A2FF}</UniqueIdentifier>
      <Extensions>cpp;c;cc;cxx;def;odl;idl;hpj;bat;asm;asmx</Extensions>
    </Filter>
    <Filter Include="Header Files">
      <UniqueIdentifier>{93995380-89BD-4b04-88EB-625FBE52EBFB}</UniqueIdentifier>
      <Extensions>h;hpp;hxx;hm;inl;inc;xsd</Extensions>
    </Filter>
    <Filter Include="Resource Files">
      <UniqueIdentifier>{67DA6AB6-F800-4c08-8B7A-83BB121AAD01}</UniqueIdentifier>
      <Extensions>rc;ico;cur;bmp;dlg;rc2;rct;bin;rgs;gif;jpg;jpeg;jpe;resx;tiff;tif;png;wav;mfcribbon-ms</Extensions>
    </Filter>
    <Filter Include="Header Files\Affect_Sensing_Module">
      <UniqueIdentifier>{76d5b88b-5c50-4458-8e24-2f22aff73150}</UniqueIdentifier>
    </Filter>
    <Filter Include="Source Files\Affect_Sensing_Module">
      <UniqueIdentifier>{3b7289f4-ee6e-4596-8f54-6181d23e937b}</UniqueIdentifier>
    </Filter>
  </ItemGroup>
  <ItemGroup>
    <None Include="ReadMe.txt" />
    <None Include="res\Affect_Sensing_Desctop_App.rc2">
      <Filter>Resource Files</Filter>
    </None>
    <None Include="res\Affect_Sensing_Desctop_App.ico">
      <Filter>Resource Files</Filter>
    </None>
  </ItemGroup>
  <ItemGroup>
    <ClInclude Include="Affect_Sensing_Desctop_App.h">
      <Filter>Header Files</Filter>
    </ClInclude>
    <ClInclude Include="Affect_Sensing_Desctop_AppDlg.h">
      <Filter>Header Files</Filter>
    </ClInclude>
    <ClInclude Include="stdafx.h">
      <Filter>Header Files</Filter>
    </ClInclude>
    <ClInclude Include="targetver.h">
      <Filter>Header Files</Filter>
    </ClInclude>
    <ClInclude Include="Resource.h">
      <Filter>Header Files</Filter>
    </ClInclude>
    <ClInclude Include="SADirRead.h">
      <Filter>Header Files</Filter>
    </ClInclude>
    <ClInclude Include="..\Affect_Sensing_Module\affect_sensing_module.h">
      <Filter>Header Files\Affect_Sensing_Module</Filter>
    </ClInclude>
    <ClInclude Include="..\Affect_Sensing_Module\affect_sensing_module_structures.h">
      <Filter>Header Files\Affect_Sensing_Module</Filter>
    </ClInclude>
  </ItemGroup>
  <ItemGroup>
    <ClCompile Include="Affect_Sensing_Desctop_App.cpp">
      <Filter>Source Files</Filter>
    </ClCompile>
    <ClCompile Include="Affect_Sensing_Desctop_AppDlg.cpp">
      <Filter>Source Files</Filter>
    </ClCompile>
    <ClCompile Include="stdafx.cpp">
      <Filter>Source Files</Filter>
    </ClCompile>
    <ClCompile Include="SADirRead.cpp">
      <Filter>Source Files</Filter>
    </ClCompile>
    <ClCompile Include="..\Affect_Sensing_Module\affect_sensing_module.cpp">
      <Filter>Source Files\Affect_Sensing_Module</Filter>
    </ClCompile>
  </ItemGroup>
  <ItemGroup>
    <ResourceCompile Include="Affect_Sensing_Desctop_App.rc">
      <Filter>Resource Files</Filter>
    </ResourceCompile>
  </ItemGroup>
</Project>